# THIS IS AN AUTOGENERATED FILE. DO NOT EDIT THIS FILE DIRECTLY.
# yarn lockfile v1


"@types/d3@^3":
  version "3.5.44"
  resolved "https://registry.yarnpkg.com/@types/d3/-/d3-3.5.44.tgz#28635f8bb9adf1cef5bbef2b06778174a9d34383"
  integrity sha512-hFEcf03YGJ2uQoDYEp3nFD5mXWxly5kf6KOstuOQFEs9sUCN7kNlKhcYkpZ3gK6PiHz4XRLkoHa80NVCJNeLBw==

"@types/plotly.js@^1.54.7":
  version "1.54.8"
  resolved "https://registry.yarnpkg.com/@types/plotly.js/-/plotly.js-1.54.8.tgz#58ce6786dd16fe569801dbd3d129985543c999e5"
  integrity sha512-GMZZDSIw0wFQsGC3E2jKAIXOkP6FI5HF0hgKIBxF5V7Paa4HqtVoE6FxTaEItQaWN5A52JL7j5IKpMh1AW8RRA==
  dependencies:
    "@types/d3" "^3"

bit-twiddle@~1.0.2:
  version "1.0.2"
  resolved "https://registry.yarnpkg.com/bit-twiddle/-/bit-twiddle-1.0.2.tgz#0c6c1fabe2b23d17173d9a61b7b7093eb9e1769e"
  integrity sha1-DGwfq+KyPRcXPZpht7cJPrnhdp4=

commander@~2.7.1:
  version "2.7.1"
  resolved "https://registry.yarnpkg.com/commander/-/commander-2.7.1.tgz#5d419a2bbed2c32ee3e4dca9bb45ab83ecc3065a"
  integrity sha1-XUGaK77Swy7j5Nypu0Wrg+zDBlo=
  dependencies:
    graceful-readlink ">= 1.0.0"

debug@^2.6.8:
  version "2.6.9"
  resolved "https://registry.yarnpkg.com/debug/-/debug-2.6.9.tgz#5d128515df134ff327e90a4c93f4e077a536341f"
  integrity sha512-bC7ElrdJaJnPbAP+1EotYvqZsb3ecl5wi6Bfi6BJTUcNowp6cvspg0jXznRTKDjm/E7AdgFBVeAPVMNcKGsHMA==
  dependencies:
    ms "2.0.0"

fft-js@^0.0.12:
  version "0.0.12"
  resolved "https://registry.yarnpkg.com/fft-js/-/fft-js-0.0.12.tgz#cb7b413efb1a55fab784cdd804ecf7ea7f25b8da"
  integrity sha512-nLOa0/SYYnN2NPcLrI81UNSPxyg3q0sGiltfe9G1okg0nxs5CqAwtmaqPQdGcOryeGURaCoQx8Y4AUkhGTh7IQ==
  dependencies:
    bit-twiddle "~1.0.2"
    commander "~2.7.1"

fft@^0.2.1:
  version "0.2.1"
  resolved "https://registry.yarnpkg.com/fft/-/fft-0.2.1.tgz#1044554fdba1a0b96c4843d5dea8525cab3621aa"
  integrity sha1-EERVT9uhoLlsSEPV3qhSXKs2Iao=

"graceful-readlink@>= 1.0.0":
  version "1.0.1"
  resolved "https://registry.yarnpkg.com/graceful-readlink/-/graceful-readlink-1.0.1.tgz#4cafad76bc62f02fa039b2f94e9a3dd3a391a725"
  integrity sha1-TK+tdrxi8C+gObL5Tpo906ORpyU=

ms@2.0.0:
  version "2.0.0"
  resolved "https://registry.yarnpkg.com/ms/-/ms-2.0.0.tgz#5608aeadfc00be6c2901df5f9861788de0d597c8"
  integrity sha1-VgiurfwAvmwpAd9fmGF4jeDVl8g=

node-audiorecorder@^2.2.0:
  version "2.2.0"
  resolved "https://registry.yarnpkg.com/node-audiorecorder/-/node-audiorecorder-2.2.0.tgz#6d7f2651fe6d54ea1b6515df16ba0e7fa9996438"
  integrity sha512-JyBqAZ2b/N+yJFuR/bY0WqVw7wTi4AoarOll16oKqAw5Ma8ooV0+NZn3M9dHbeSkPxBU4H/wy5ZMLLkgDSNq4g==

node-record-lpcm16@^1.0.1:
  version "1.0.1"
  resolved "https://registry.yarnpkg.com/node-record-lpcm16/-/node-record-lpcm16-1.0.1.tgz#2201dee8d7dc8fc4055ab1bd275154201433e635"
  integrity sha512-H75GMOP8ErnF67m21+qSgj4USnzv5RLfm7OkEItdIi+soNKoJZpMQPX6umM8Cn9nVPSgd/dBUtc1msst5MmABA==
  dependencies:
    debug "^2.6.8"

nodeplotlib@^0.7.3:
  version "0.7.3"
  resolved "https://registry.yarnpkg.com/nodeplotlib/-/nodeplotlib-0.7.3.tgz#dc278846e48c10aa9b79ee5fd954e370113ac887"
  integrity sha512-ysMfRzNlFXGz2wG4AbZ+quSGx4JkNaggY0X4ILyWIqntHnDMa7cgN0KfT8Q0uUFIXjoLVZsnfTTZ2hLqsZm/7A==
  dependencies:
    "@types/plotly.js" "^1.54.7"

wavefile@^11.0.0:
  version "11.0.0"
  resolved "https://registry.yarnpkg.com/wavefile/-/wavefile-11.0.0.tgz#9302165874327ff63a704d00b154c753eaa1b8e7"
  integrity sha512-/OBiAALgWU24IG7sC84cDO/KfFuvajWc5Uec0oV2zrpOOZZDgGdOwHwgEzOrwh8jkubBk7PtZfQBIcI1OaE5Ng==
